
Microsoft Visual Studio Solution File, Format Version 12.00
# Visual Studio Version 17
VisualStudioVersion = 17.0.31919.166
MinimumVisualStudioVersion = 10.0.40219.1
Project("{9A19103F-16F7-4668-BE54-9A1E7A4F7556}") = "weebumconfig", "weebumconfig\weebumconfig.csproj", "{B9FBCA14-01FA-4F3F-AB00-834130E6FE81}"
EndProject
Project("{FAE04EC0-301F-11D3-BF4B-00C04F79EFBC}") = "weebumconfigtest", "weebumconfigtest\weebumconfigtest.csproj", "{EDF0234D-8C12-4986-B51F-4487D7389A7F}"
EndProject
Global
	GlobalSection(SolutionConfigurationPlatforms) = preSolution
		Debug|Any CPU = Debug|Any CPU
		Release|Any CPU = Release|Any CPU
	EndGlobalSection
	GlobalSection(ProjectConfigurationPlatforms) = postSolution
		{B9FBCA14-01FA-4F3F-AB00-834130E6FE81}.Debug|Any CPU.ActiveCfg = Debug|Any CPU
		{B9FBCA14-01FA-4F3F-AB00-834130E6FE81}.Debug|Any CPU.Build.0 = Debug|Any CPU
		{B9FBCA14-01FA-4F3F-AB00-834130E6FE81}.Release|Any CPU.ActiveCfg = Release|Any CPU
		{B9FBCA14-01FA-4F3F-AB00-834130E6FE81}.Release|Any CPU.Build.0 = Release|Any CPU
		{EDF0234D-8C12-4986-B51F-4487D7389A7F}.Debug|Any CPU.ActiveCfg = Debug|Any CPU
		{EDF0234D-8C12-4986-B51F-4487D7389A7F}.Debug|Any CPU.Build.0 = Debug|Any CPU
		{EDF0234D-8C12-4986-B51F-4487D7389A7F}.Release|Any CPU.ActiveCfg = Release|Any CPU
		{EDF0234D-8C12-4986-B51F-4487D7389A7F}.Release|Any CPU.Build.0 = Release|Any CPU
	EndGlobalSection
	GlobalSection(SolutionProperties) = preSolution
		HideSolutionNode = FALSE
	EndGlobalSection
	GlobalSection(ExtensibilityGlobals) = postSolution
		SolutionGuid = {6776B6EA-8A9A-4E48-85CE-08045F1B1BC2}
	EndGlobalSection
EndGlobal
